
Microsoft Visual Studio Solution File, Format Version 12.00
# Visual Studio Version 16
VisualStudioVersion = 16.0.28917.181
MinimumVisualStudioVersion = 10.0.40219.1
Project("{FAE04EC0-301F-11D3-BF4B-00C04F79EFBC}") = "MobiFinance", "MobiFinance\MobiFinance.csproj", "{7DA443CB-D24B-430B-8982-71A03D448632}"
EndProject
Global
	GlobalSection(SolutionConfigurationPlatforms) = preSolution
		Debug|Any CPU = Debug|Any CPU
		Release|Any CPU = Release|Any CPU
	EndGlobalSection
	GlobalSection(ProjectConfigurationPlatforms) = postSolution
		{7DA443CB-D24B-430B-8982-71A03D448632}.Debug|Any CPU.ActiveCfg = Debug|Any CPU
		{7DA443CB-D24B-430B-8982-71A03D448632}.Debug|Any CPU.Build.0 = Debug|Any CPU
		{7DA443CB-D24B-430B-8982-71A03D448632}.Release|Any CPU.ActiveCfg = Release|Any CPU
		{7DA443CB-D24B-430B-8982-71A03D448632}.Release|Any CPU.Build.0 = Release|Any CPU
	EndGlobalSection
	GlobalSection(SolutionProperties) = preSolution
		HideSolutionNode = FALSE
	EndGlobalSection
	GlobalSection(ExtensibilityGlobals) = postSolution
		SolutionGuid = {FA97A1A3-B5F5-4F9C-BCB5-A0FE8D7A4A9A}
	EndGlobalSection
EndGlobal
